
Microsoft Visual Studio Solution File, Format Version 12.00
# Visual Studio Version 16
VisualStudioVersion = 16.0.29509.3
MinimumVisualStudioVersion = 10.0.40219.1
Project("{FAE04EC0-301F-11D3-BF4B-00C04F79EFBC}") = "eimprovement.WebApplication", "eimprovement.WebApplication\eimprovement.WebApplication.csproj", "{A3892A6E-40E8-44AC-BFAC-E8E0E1727B51}"
EndProject
Project("{FAE04EC0-301F-11D3-BF4B-00C04F79EFBC}") = "eimprovement.WebApplication.Tests", "eimprovement.WebApplication.Tests\eimprovement.WebApplication.Tests.csproj", "{DED5480B-EC35-4ED4-8360-499450F8D10C}"
EndProject
Project("{FAE04EC0-301F-11D3-BF4B-00C04F79EFBC}") = "eimprovement.Domain", "eimprovement.Domain\eimprovement.Domain.csproj", "{F8E9D752-98CC-45D7-98B9-F0D7035D749A}"
EndProject
Global
	GlobalSection(SolutionConfigurationPlatforms) = preSolution
		Debug|Any CPU = Debug|Any CPU
		Release|Any CPU = Release|Any CPU
	EndGlobalSection
	GlobalSection(ProjectConfigurationPlatforms) = postSolution
		{A3892A6E-40E8-44AC-BFAC-E8E0E1727B51}.Debug|Any CPU.ActiveCfg = Debug|Any CPU
		{A3892A6E-40E8-44AC-BFAC-E8E0E1727B51}.Debug|Any CPU.Build.0 = Debug|Any CPU
		{A3892A6E-40E8-44AC-BFAC-E8E0E1727B51}.Release|Any CPU.ActiveCfg = Release|Any CPU
		{A3892A6E-40E8-44AC-BFAC-E8E0E1727B51}.Release|Any CPU.Build.0 = Release|Any CPU
		{DED5480B-EC35-4ED4-8360-499450F8D10C}.Debug|Any CPU.ActiveCfg = Debug|Any CPU
		{DED5480B-EC35-4ED4-8360-499450F8D10C}.Debug|Any CPU.Build.0 = Debug|Any CPU
		{DED5480B-EC35-4ED4-8360-499450F8D10C}.Release|Any CPU.ActiveCfg = Release|Any CPU
		{DED5480B-EC35-4ED4-8360-499450F8D10C}.Release|Any CPU.Build.0 = Release|Any CPU
		{F8E9D752-98CC-45D7-98B9-F0D7035D749A}.Debug|Any CPU.ActiveCfg = Debug|Any CPU
		{F8E9D752-98CC-45D7-98B9-F0D7035D749A}.Debug|Any CPU.Build.0 = Debug|Any CPU
		{F8E9D752-98CC-45D7-98B9-F0D7035D749A}.Release|Any CPU.ActiveCfg = Release|Any CPU
		{F8E9D752-98CC-45D7-98B9-F0D7035D749A}.Release|Any CPU.Build.0 = Release|Any CPU
	EndGlobalSection
	GlobalSection(SolutionProperties) = preSolution
		HideSolutionNode = FALSE
	EndGlobalSection
	GlobalSection(ExtensibilityGlobals) = postSolution
		SolutionGuid = {788D2118-E58D-4893-AF46-AD8FF3A68B13}
	EndGlobalSection
EndGlobal
